
Microsoft Visual Studio Solution File, Format Version 12.00
# Visual Studio Version 17
VisualStudioVersion = 17.12.35527.113 d17.12
MinimumVisualStudioVersion = 10.0.40219.1
Project("{FAE04EC0-301F-11D3-BF4B-00C04F79EFBC}") = "Nets", "Nets.csproj", "{4EB60B8D-039C-465A-8DF4-F86EB2FBC8BA}"
EndProject
Global
	GlobalSection(SolutionConfigurationPlatforms) = preSolution
		Debug|Any CPU = Debug|Any CPU
		Release|Any CPU = Release|Any CPU
	EndGlobalSection
	GlobalSection(ProjectConfigurationPlatforms) = postSolution
		{4EB60B8D-039C-465A-8DF4-F86EB2FBC8BA}.Debug|Any CPU.ActiveCfg = Debug|Any CPU
		{4EB60B8D-039C-465A-8DF4-F86EB2FBC8BA}.Debug|Any CPU.Build.0 = Debug|Any CPU
		{4EB60B8D-039C-465A-8DF4-F86EB2FBC8BA}.Release|Any CPU.ActiveCfg = Release|Any CPU
		{4EB60B8D-039C-465A-8DF4-F86EB2FBC8BA}.Release|Any CPU.Build.0 = Release|Any CPU
	EndGlobalSection
	GlobalSection(SolutionProperties) = preSolution
		HideSolutionNode = FALSE
	EndGlobalSection
EndGlobal
